
Microsoft Visual Studio Solution File, Format Version 12.00
# Visual Studio Version 17
VisualStudioVersion = 17.8.34330.188
MinimumVisualStudioVersion = 10.0.40219.1
Project("{FAE04EC0-301F-11D3-BF4B-00C04F79EFBC}") = "MusicProject", "MusicProject.csproj", "{8DD43A91-17CA-47A9-91BE-2037AD2A1B92}"
EndProject
Global
	GlobalSection(SolutionConfigurationPlatforms) = preSolution
		Debug|Any CPU = Debug|Any CPU
		Release|Any CPU = Release|Any CPU
	EndGlobalSection
	GlobalSection(ProjectConfigurationPlatforms) = postSolution
		{8DD43A91-17CA-47A9-91BE-2037AD2A1B92}.Debug|Any CPU.ActiveCfg = Debug|Any CPU
		{8DD43A91-17CA-47A9-91BE-2037AD2A1B92}.Debug|Any CPU.Build.0 = Debug|Any CPU
		{8DD43A91-17CA-47A9-91BE-2037AD2A1B92}.Release|Any CPU.ActiveCfg = Release|Any CPU
		{8DD43A91-17CA-47A9-91BE-2037AD2A1B92}.Release|Any CPU.Build.0 = Release|Any CPU
	EndGlobalSection
	GlobalSection(SolutionProperties) = preSolution
		HideSolutionNode = FALSE
	EndGlobalSection
	GlobalSection(ExtensibilityGlobals) = postSolution
		SolutionGuid = {2FF68266-0CF6-4434-BF59-8A1025031F7C}
	EndGlobalSection
EndGlobal
